
Microsoft Visual Studio Solution File, Format Version 12.00
# Visual Studio Version 17
VisualStudioVersion = 17.3.32901.215
MinimumVisualStudioVersion = 10.0.40219.1
Project("{8BC9CEB8-8B4A-11D0-8D11-00A0C91BC942}") = "lab9dop", "lab9dop\lab9dop.vcxproj", "{9E5AAB6F-D5AE-490C-8B2B-AF9C66180001}"
EndProject
Global
	GlobalSection(SolutionConfigurationPlatforms) = preSolution
		Debug|x64 = Debug|x64
		Debug|x86 = Debug|x86
		Release|x64 = Release|x64
		Release|x86 = Release|x86
	EndGlobalSection
	GlobalSection(ProjectConfigurationPlatforms) = postSolution
		{9E5AAB6F-D5AE-490C-8B2B-AF9C66180001}.Debug|x64.ActiveCfg = Debug|x64
		{9E5AAB6F-D5AE-490C-8B2B-AF9C66180001}.Debug|x64.Build.0 = Debug|x64
		{9E5AAB6F-D5AE-490C-8B2B-AF9C66180001}.Debug|x86.ActiveCfg = Debug|Win32
		{9E5AAB6F-D5AE-490C-8B2B-AF9C66180001}.Debug|x86.Build.0 = Debug|Win32
		{9E5AAB6F-D5AE-490C-8B2B-AF9C66180001}.Release|x64.ActiveCfg = Release|x64
		{9E5AAB6F-D5AE-490C-8B2B-AF9C66180001}.Release|x64.Build.0 = Release|x64
		{9E5AAB6F-D5AE-490C-8B2B-AF9C66180001}.Release|x86.ActiveCfg = Release|Win32
		{9E5AAB6F-D5AE-490C-8B2B-AF9C66180001}.Release|x86.Build.0 = Release|Win32
	EndGlobalSection
	GlobalSection(SolutionProperties) = preSolution
		HideSolutionNode = FALSE
	EndGlobalSection
	GlobalSection(ExtensibilityGlobals) = postSolution
		SolutionGuid = {46062B1A-246D-4CF3-8F2B-C502803B5C4A}
	EndGlobalSection
EndGlobal
